github.com/Noah-Wilderom/video-streaming/shared v0.0.0-20240914203229-70027c497c83 h1:DurPvMNAvD9iprSrTB6QYC6J8UqgYq1FmpatpOIqRrI=
github.com/Noah-Wilderom/video-streaming/shared v0.0.0-20240914203229-70027c497c83/go.mod h1:wEBLh+ByMMtukH9ilLhHhlILRxpOTkMr1ycQF4YLrMM=
github.com/Noah-Wilderom/video-streaming/shared v0.0.0-20240914205133-ae66396d4e93 h1:KnMg37fyUUOkHKzjMIBzP2fwUApKN49VoE8xw7Y0tdM=
github.com/Noah-Wilderom/video-streaming/shared v0.0.0-20240914205133-ae66396d4e93/go.mod h1:wEBLh+ByMMtukH9ilLhHhlILRxpOTkMr1ycQF4YLrMM=
gofr.dev v1.19.0 h1:i/rDWhAQgUkpt8PaneeoqyGZJCp/ZWENbqA1p2fyRJk=
gofr.dev v1.19.0/go.mod h1:GPFuRXRoRBbgBHwdqCHvzSUoQgUCRqw585wggOnwRy0=
